
Microsoft Visual Studio Solution File, Format Version 12.00
# Visual Studio Version 17
VisualStudioVersion = 17.6.33829.357
MinimumVisualStudioVersion = 10.0.40219.1
Project("{8BC9CEB8-8B4A-11D0-8D11-00A0C91BC942}") = "Ising-Model", "Ising-Model.vcxproj", "{AE15AF2A-2564-42C0-9695-9FEEFD86B159}"
EndProject
Global
	GlobalSection(SolutionConfigurationPlatforms) = preSolution
		Debug|x64 = Debug|x64
		Debug|x86 = Debug|x86
		Release|x64 = Release|x64
		Release|x86 = Release|x86
	EndGlobalSection
	GlobalSection(ProjectConfigurationPlatforms) = postSolution
		{AE15AF2A-2564-42C0-9695-9FEEFD86B159}.Debug|x64.ActiveCfg = Debug|x64
		{AE15AF2A-2564-42C0-9695-9FEEFD86B159}.Debug|x64.Build.0 = Debug|x64
		{AE15AF2A-2564-42C0-9695-9FEEFD86B159}.Debug|x86.ActiveCfg = Debug|Win32
		{AE15AF2A-2564-42C0-9695-9FEEFD86B159}.Debug|x86.Build.0 = Debug|Win32
		{AE15AF2A-2564-42C0-9695-9FEEFD86B159}.Release|x64.ActiveCfg = Release|x64
		{AE15AF2A-2564-42C0-9695-9FEEFD86B159}.Release|x64.Build.0 = Release|x64
		{AE15AF2A-2564-42C0-9695-9FEEFD86B159}.Release|x86.ActiveCfg = Release|Win32
		{AE15AF2A-2564-42C0-9695-9FEEFD86B159}.Release|x86.Build.0 = Release|Win32
	EndGlobalSection
	GlobalSection(SolutionProperties) = preSolution
		HideSolutionNode = FALSE
	EndGlobalSection
	GlobalSection(ExtensibilityGlobals) = postSolution
		SolutionGuid = {C46254AF-D7CA-4A92-B1E9-33616A90FDF8}
	EndGlobalSection
EndGlobal
